
Microsoft Visual Studio Solution File, Format Version 12.00
# Visual Studio Version 17
VisualStudioVersion = 17.9.34622.214
MinimumVisualStudioVersion = 10.0.40219.1
Project("{9A19103F-16F7-4668-BE54-9A1E7A4F7556}") = "AlliRefactor", "AlliRefactor\AlliRefactor.csproj", "{2DC81EBA-9E18-43E7-BB3E-AC8144A1E7EE}"
EndProject
Project("{9A19103F-16F7-4668-BE54-9A1E7A4F7556}") = "KokoSharpTranspiler", "KokoSharpTranspiler\KokoSharpTranspiler.csproj", "{5D03FF69-4A82-4DB9-BE5B-8679C08B72CC}"
EndProject
Global
	GlobalSection(SolutionConfigurationPlatforms) = preSolution
		Debug|Any CPU = Debug|Any CPU
		Release|Any CPU = Release|Any CPU
	EndGlobalSection
	GlobalSection(ProjectConfigurationPlatforms) = postSolution
		{2DC81EBA-9E18-43E7-BB3E-AC8144A1E7EE}.Debug|Any CPU.ActiveCfg = Debug|Any CPU
		{2DC81EBA-9E18-43E7-BB3E-AC8144A1E7EE}.Debug|Any CPU.Build.0 = Debug|Any CPU
		{2DC81EBA-9E18-43E7-BB3E-AC8144A1E7EE}.Release|Any CPU.ActiveCfg = Release|Any CPU
		{2DC81EBA-9E18-43E7-BB3E-AC8144A1E7EE}.Release|Any CPU.Build.0 = Release|Any CPU
		{5D03FF69-4A82-4DB9-BE5B-8679C08B72CC}.Debug|Any CPU.ActiveCfg = Debug|Any CPU
		{5D03FF69-4A82-4DB9-BE5B-8679C08B72CC}.Debug|Any CPU.Build.0 = Debug|Any CPU
		{5D03FF69-4A82-4DB9-BE5B-8679C08B72CC}.Release|Any CPU.ActiveCfg = Release|Any CPU
		{5D03FF69-4A82-4DB9-BE5B-8679C08B72CC}.Release|Any CPU.Build.0 = Release|Any CPU
	EndGlobalSection
	GlobalSection(SolutionProperties) = preSolution
		HideSolutionNode = FALSE
	EndGlobalSection
	GlobalSection(ExtensibilityGlobals) = postSolution
		SolutionGuid = {7562648F-8971-473B-9E53-DA6591C6049D}
	EndGlobalSection
EndGlobal
